Microsoft Visual Studio Solution File, Format Version 11.00
# Visual Studio 2008

Project("{372CD56F-466C-10E9-EEDE-128AD45DEB40}") = "IMU_Tracking", "Assembly-CSharp.csproj", "{BC2BBA25-7B1A-8D63-039D-C8A186649FEF}"
EndProject
Project("{372CD56F-466C-10E9-EEDE-128AD45DEB40}") = "IMU_Tracking", "Assembly-CSharp-Editor.csproj", "{DCAC6F62-F023-81B5-E1AB-E756DEB4C364}"
EndProject
Global
	GlobalSection(SolutionConfigurationPlatforms) = preSolution
		Debug|Any CPU = Debug|Any CPU
		Release|Any CPU = Release|Any CPU
	EndGlobalSection
	GlobalSection(ProjectConfigurationPlatforms) = postSolution
		{BC2BBA25-7B1A-8D63-039D-C8A186649FEF}.Debug|Any CPU.ActiveCfg = Debug|Any CPU
		{BC2BBA25-7B1A-8D63-039D-C8A186649FEF}.Debug|Any CPU.Build.0 = Debug|Any CPU
		{BC2BBA25-7B1A-8D63-039D-C8A186649FEF}.Release|Any CPU.ActiveCfg = Release|Any CPU
		{BC2BBA25-7B1A-8D63-039D-C8A186649FEF}.Release|Any CPU.Build.0 = Release|Any CPU
		{DCAC6F62-F023-81B5-E1AB-E756DEB4C364}.Debug|Any CPU.ActiveCfg = Debug|Any CPU
		{DCAC6F62-F023-81B5-E1AB-E756DEB4C364}.Debug|Any CPU.Build.0 = Debug|Any CPU
		{DCAC6F62-F023-81B5-E1AB-E756DEB4C364}.Release|Any CPU.ActiveCfg = Release|Any CPU
		{DCAC6F62-F023-81B5-E1AB-E756DEB4C364}.Release|Any CPU.Build.0 = Release|Any CPU
	EndGlobalSection
	GlobalSection(SolutionProperties) = preSolution
		HideSolutionNode = FALSE
	EndGlobalSection
	GlobalSection(MonoDevelopProperties) = preSolution
		StartupItem = Assembly-CSharp.csproj
	EndGlobalSection
EndGlobal
